// !$*UTF8*$!
{
	archiveVersion = 1;
	classes = {
	};
	objectVersion = 50;
	objects = {

/* Begin PBXBuildFile section */
		DC69FE2E22617EC200E2E181 /* AppDelegate.swift in Sources */ = {isa = PBXBuildFile; fileRef = DC69FE2D22617EC200E2E181 /* AppDelegate.swift */; };
		DC69FE3022617EC200E2E181 /* ViewController.swift in Sources */ = {isa = PBXBuildFile; fileRef = DC69FE2F22617EC200E2E181 /* ViewController.swift */; };
		DC69FE3322617EC200E2E181 /* Main.storyboard in Resources */ = {isa = PBXBuildFile; fileRef = DC69FE3122617EC200E2E181 /* Main.storyboard */; };
		DC69FE3522617ECA00E2E181 /* Assets.xcassets in Resources */ = {isa = PBXBuildFile; fileRef = DC69FE3422617ECA00E2E181 /* Assets.xcassets */; };
		DC69FE3822617ECB00E2E181 /* LaunchScreen.storyboard in Resources */ = {isa = PBXBuildFile; fileRef = DC69FE3622617ECB00E2E181 /* LaunchScreen.storyboard */; };
		DC69FE4322617ECB00E2E181 /* Swift_BasicsTests.swift in Sources */ = {isa = PBXBuildFile; fileRef = DC69FE4222617ECB00E2E181 /* Swift_BasicsTests.swift */; };
		DC69FE4E22617ECB00E2E181 /* Swift_BasicsUITests.swift in Sources */ = {isa = PBXBuildFile; fileRef = DC69FE4D22617ECB00E2E181 /* Swift_BasicsUITests.swift */; };
		DC69FE5C22617F4C00E2E181 /* Basics.swift in Sources */ = {isa = PBXBuildFile; fileRef = DC69FE5B22617F4C00E2E181 /* Basics.swift */; };
/* End PBXBuildFile section */

/* Begin PBXContainerItemProxy section */
		DC69FE3F22617ECB00E2E181 /* PBXContainerItemProxy */ = {
			isa = PBXContainerItemProxy;
			containerPortal = DC69FE2222617EC200E2E181 /* Project object */;
			proxyType = 1;
			remoteGlobalIDString = DC69FE2922617EC200E2E181;
			remoteInfo = "Swift Basics";
		};
		DC69FE4A22617ECB00E2E181 /* PBXContainerItemProxy */ = {
			isa = PBXContainerItemProxy;
			containerPortal = DC69FE2222617EC200E2E181 /* Project object */;
			proxyType = 1;
			remoteGlobalIDString = DC69FE2922617EC200E2E181;
			remoteInfo = "Swift Basics";
		};
/* End PBXContainerItemProxy section */

/* Begin PBXFileReference section */
		DC69FE2A22617EC200E2E181 /* Swift Basics.app */ = {isa = PBXFileReference; explicitFileType = wrapper.application; includeInIndex = 0; path = "Swift Basics.app"; sourceTree = BUILT_PRODUCTS_DIR; };
		DC69FE2D22617EC200E2E181 /* AppDelegate.swift */ = {isa = PBXFileReference; lastKnownFileType = sourcecode.swift; path = AppDelegate.swift; sourceTree = "<group>"; };
		DC69FE2F22617EC200E2E181 /* ViewController.swift */ = {isa = PBXFileReference; lastKnownFileType = sourcecode.swift; path = ViewController.swift; sourceTree = "<group>"; };
		DC69FE3222617EC200E2E181 /* Base */ = {isa = PBXFileReference; lastKnownFileType = file.storyboard; name = Base; path = Base.lproj/Main.storyboard; sourceTree = "<group>"; };
		DC69FE3422617ECA00E2E181 /* Assets.xcassets */ = {isa = PBXFileReference; lastKnownFileType = folder.assetcatalog; path = Assets.xcassets; sourceTree = "<group>"; };
		DC69FE3722617ECB00E2E181 /* Base */ = {isa = PBXFileReference; lastKnownFileType = file.storyboard; name = Base; path = Base.lproj/LaunchScreen.storyboard; sourceTree = "<group>"; };
		DC69FE3922617ECB00E2E181 /* Info.plist */ = {isa = PBXFileReference; lastKnownFileType = text.plist.xml; path = Info.plist; sourceTree = "<group>"; };
		DC69FE3E22617ECB00E2E181 /* Swift BasicsTests.xctest */ = {isa = PBXFileReference; explicitFileType = wrapper.cfbundle; includeInIndex = 0; path = "Swift BasicsTests.xctest"; sourceTree = BUILT_PRODUCTS_DIR; };
		DC69FE4222617ECB00E2E181 /* Swift_BasicsTests.swift */ = {isa = PBXFileReference; lastKnownFileType = sourcecode.swift; path = Swift_BasicsTests.swift; sourceTree = "<group>"; };
		DC69FE4422617ECB00E2E181 /* Info.plist */ = {isa = PBXFileReference; lastKnownFileType = text.plist.xml; path = Info.plist; sourceTree = "<group>"; };
		DC69FE4922617ECB00E2E181 /* Swift BasicsUITests.xctest */ = {isa = PBXFileReference; explicitFileType = wrapper.cfbundle; includeInIndex = 0; path = "Swift BasicsUITests.xctest"; sourceTree = BUILT_PRODUCTS_DIR; };
		DC69FE4D22617ECB00E2E181 /* Swift_BasicsUITests.swift */ = {isa = PBXFileReference; lastKnownFileType = sourcecode.swift; path = Swift_BasicsUITests.swift; sourceTree = "<group>"; };
		DC69FE4F22617ECB00E2E181 /* Info.plist */ = {isa = PBXFileReference; lastKnownFileType = text.plist.xml; path = Info.plist; sourceTree = "<group>"; };
		DC69FE5B22617F4C00E2E181 /* Basics.swift */ = {isa = PBXFileReference; lastKnownFileType = sourcecode.swift; path = Basics.swift; sourceTree = "<group>"; };
/* End PBXFileReference section */

/* Begin PBXFrameworksBuildPhase section */
		DC69FE2722617EC200E2E181 /* Frameworks */ = {
			isa = PBXFrameworksBuildPhase;
			buildActionMask = 2147483647;
			files = (
			);
			runOnlyForDeploymentPostprocessing = 0;
		};
		DC69FE3B22617ECB00E2E181 /* Frameworks */ = {
			isa = PBXFrameworksBuildPhase;
			buildActionMask = 2147483647;
			files = (
			);
			runOnlyForDeploymentPostprocessing = 0;
		};
		DC69FE4622617ECB00E2E181 /* Frameworks */ = {
			isa = PBXFrameworksBuildPhase;
			buildActionMask = 2147483647;
			files = (
			);
			runOnlyForDeploymentPostprocessing = 0;
		};
/* End PBXFrameworksBuildPhase section */

/* Begin PBXGroup section */
		DC69FE2122617EC200E2E181 = {
			isa = PBXGroup;
			children = (
				DC69FE2C22617EC200E2E181 /* Swift Basics */,
				DC69FE4122617ECB00E2E181 /* Swift BasicsTests */,
				DC69FE4C22617ECB00E2E181 /* Swift BasicsUITests */,
				DC69FE2B22617EC200E2E181 /* Products */,
			);
			sourceTree = "<group>";
		};
		DC69FE2B22617EC200E2E181 /* Products */ = {
			isa = PBXGroup;
			children = (
				DC69FE2A22617EC200E2E181 /* Swift Basics.app */,
				DC69FE3E22617ECB00E2E181 /* Swift BasicsTests.xctest */,
				DC69FE4922617ECB00E2E181 /* Swift BasicsUITests.xctest */,
			);
			name = Products;
			sourceTree = "<group>";
		};
		DC69FE2C22617EC200E2E181 /* Swift Basics */ = {
			isa = PBXGroup;
			children = (
				DC69FE2D22617EC200E2E181 /* AppDelegate.swift */,
				DC69FE2F22617EC200E2E181 /* ViewController.swift */,
				DC69FE5B22617F4C00E2E181 /* Basics.swift */,
				DC69FE3122617EC200E2E181 /* Main.storyboard */,
				DC69FE3422617ECA00E2E181 /* Assets.xcassets */,
				DC69FE3622617ECB00E2E181 /* LaunchScreen.storyboard */,
				DC69FE3922617ECB00E2E181 /* Info.plist */,
			);
			path = "Swift Basics";
			sourceTree = "<group>";
		};
		DC69FE4122617ECB00E2E181 /* Swift BasicsTests */ = {
			isa = PBXGroup;
			children = (
				DC69FE4222617ECB00E2E181 /* Swift_BasicsTests.swift */,
				DC69FE4422617ECB00E2E181 /* Info.plist */,
			);
			path = "Swift BasicsTests";
			sourceTree = "<group>";
		};
		DC69FE4C22617ECB00E2E181 /* Swift BasicsUITests */ = {
			isa = PBXGroup;
			children = (
				DC69FE4D22617ECB00E2E181 /* Swift_BasicsUITests.swift */,
				DC69FE4F22617ECB00E2E181 /* Info.plist */,
			);
			path = "Swift BasicsUITests";
			sourceTree = "<group>";
		};
/* End PBXGroup section */

/* Begin PBXNativeTarget section */
		DC69FE2922617EC200E2E181 /* Swift Basics */ = {
			isa = PBXNativeTarget;
			buildConfigurationList = DC69FE5222617ECB00E2E181 /* Build configuration list for PBXNativeTarget "Swift Basics" */;
			buildPhases = (
				DC69FE2622617EC200E2E181 /* Sources */,
				DC69FE2722617EC200E2E181 /* Frameworks */,
				DC69FE2822617EC200E2E181 /* Resources */,
			);
			buildRules = (
			);
			dependencies = (
			);
			name = "Swift Basics";
			productName = "Swift Basics";
			productReference = DC69FE2A22617EC200E2E181 /* Swift Basics.app */;
			productType = "com.apple.product-type.application";
		};
		DC69FE3D22617ECB00E2E181 /* Swift BasicsTests */ = {
			isa = PBXNativeTarget;
			buildConfigurationList = DC69FE5522617ECB00E2E181 /* Build configuration list for PBXNativeTarget "Swift BasicsTests" */;
			buildPhases = (
				DC69FE3A22617ECB00E2E181 /* Sources */,
				DC69FE3B22617ECB00E2E181 /* Frameworks */,
				DC69FE3C22617ECB00E2E181 /* Resources */,
			);
			buildRules = (
			);
			dependencies = (
				DC69FE4022617ECB00E2E181 /* PBXTargetDependency */,
			);
			name = "Swift BasicsTests";
			productName = "Swift BasicsTests";
			productReference = DC69FE3E22617ECB00E2E181 /* Swift BasicsTests.xctest */;
			productType = "com.apple.product-type.bundle.unit-test";
		};
		DC69FE4822617ECB00E2E181 /* Swift BasicsUITests */ = {
			isa = PBXNativeTarget;
			buildConfigurationList = DC69FE5822617ECB00E2E181 /* Build configuration list for PBXNativeTarget "Swift BasicsUITests" */;
			buildPhases = (
				DC69FE4522617ECB00E2E181 /* Sources */,
				DC69FE4622617ECB00E2E181 /* Frameworks */,
				DC69FE4722617ECB00E2E181 /* Resources */,
			);
			buildRules = (
			);
			dependencies = (
				DC69FE4B22617ECB00E2E181 /* PBXTargetDependency */,
			);
			name = "Swift BasicsUITests";
			productName = "Swift BasicsUITests";
			productReference = DC69FE4922617ECB00E2E181 /* Swift BasicsUITests.xctest */;
			productType = "com.apple.product-type.bundle.ui-testing";
		};
/* End PBXNativeTarget section */

/* Begin PBXProject section */
		DC69FE2222617EC200E2E181 /* Project object */ = {
			isa = PBXProject;
			attributes = {
				LastSwiftUpdateCheck = 1020;
				LastUpgradeCheck = 1020;
				ORGANIZATIONNAME = "Ying Yang";
				TargetAttributes = {
					DC69FE2922617EC200E2E181 = {
						CreatedOnToolsVersion = 10.2;
					};
					DC69FE3D22617ECB00E2E181 = {
						CreatedOnToolsVersion = 10.2;
						TestTargetID = DC69FE2922617EC200E2E181;
					};
					DC69FE4822617ECB00E2E181 = {
						CreatedOnToolsVersion = 10.2;
						TestTargetID = DC69FE2922617EC200E2E181;
					};
				};
			};
			buildConfigurationList = DC69FE2522617EC200E2E181 /* Build configuration list for PBXProject "Swift Basics" */;
			compatibilityVersion = "Xcode 9.3";
			developmentRegion = en;
			hasScannedForEncodings = 0;
			knownRegions = (
				en,
				Base,
			);
			mainGroup = DC69FE2122617EC200E2E181;
			productRefGroup = DC69FE2B22617EC200E2E181 /* Products */;
			projectDirPath = "";
			projectRoot = "";
			targets = (
				DC69FE2922617EC200E2E181 /* Swift Basics */,
				DC69FE3D22617ECB00E2E181 /* Swift BasicsTests */,
				DC69FE4822617ECB00E2E181 /* Swift BasicsUITests */,
			);
		};
/* End PBXProject section */

/* Begin PBXResourcesBuildPhase section */
		DC69FE2822617EC200E2E181 /* Resources */ = {
			isa = PBXResourcesBuildPhase;
			buildActionMask = 2147483647;
			files = (
				DC69FE3822617ECB00E2E181 /* LaunchScreen.storyboard in Resources */,
				DC69FE3522617ECA00E2E181 /* Assets.xcassets in Resources */,
				DC69FE3322617EC200E2E181 /* Main.storyboard in Resources */,
			);
			runOnlyForDeploymentPostprocessing = 0;
		};
		DC69FE3C22617ECB00E2E181 /* Resources */ = {
			isa = PBXResourcesBuildPhase;
			buildActionMask = 2147483647;
			files = (
			);
			runOnlyForDeploymentPostprocessing = 0;
		};
		DC69FE4722617ECB00E2E181 /* Resources */ = {
			isa = PBXResourcesBuildPhase;
			buildActionMask = 2147483647;
			files = (
			);
			runOnlyForDeploymentPostprocessing = 0;
		};
/* End PBXResourcesBuildPhase section */

/* Begin PBXSourcesBuildPhase section */
		DC69FE2622617EC200E2E181 /* Sources */ = {
			isa = PBXSourcesBuildPhase;
			buildActionMask = 2147483647;
			files = (
				DC69FE5C22617F4C00E2E181 /* Basics.swift in Sources */,
				DC69FE3022617EC200E2E181 /* ViewController.swift in Sources */,
				DC69FE2E22617EC200E2E181 /* AppDelegate.swift in Sources */,
			);
			runOnlyForDeploymentPostprocessing = 0;
		};
		DC69FE3A22617ECB00E2E181 /* Sources */ = {
			isa = PBXSourcesBuildPhase;
			buildActionMask = 2147483647;
			files = (
				DC69FE4322617ECB00E2E181 /* Swift_BasicsTests.swift in Sources */,
			);
			runOnlyForDeploymentPostprocessing = 0;
		};
		DC69FE4522617ECB00E2E181 /* Sources */ = {
			isa = PBXSourcesBuildPhase;
			buildActionMask = 2147483647;
			files = (
				DC69FE4E22617ECB00E2E181 /* Swift_BasicsUITests.swift in Sources */,
			);
			runOnlyForDeploymentPostprocessing = 0;
		};
/* End PBXSourcesBuildPhase section */

/* Begin PBXTargetDependency section */
		DC69FE4022617ECB00E2E181 /* PBXTargetDependency */ = {
			isa = PBXTargetDependency;
			target = DC69FE2922617EC200E2E181 /* Swift Basics */;
			targetProxy = DC69FE3F22617ECB00E2E181 /* PBXContainerItemProxy */;
		};
		DC69FE4B22617ECB00E2E181 /* PBXTargetDependency */ = {
			isa = PBXTargetDependency;
			target = DC69FE2922617EC200E2E181 /* Swift Basics */;
			targetProxy = DC69FE4A22617ECB00E2E181 /* PBXContainerItemProxy */;
		};
/* End PBXTargetDependency section */

/* Begin PBXVariantGroup section */
		DC69FE3122617EC200E2E181 /* Main.storyboard */ = {
			isa = PBXVariantGroup;
			children = (
				DC69FE3222617EC200E2E181 /* Base */,
			);
			name = Main.storyboard;
			sourceTree = "<group>";
		};
		DC69FE3622617ECB00E2E181 /* LaunchScreen.storyboard */ = {
			isa = PBXVariantGroup;
			children = (
				DC69FE3722617ECB00E2E181 /* Base */,
			);
			name = LaunchScreen.storyboard;
			sourceTree = "<group>";
		};
/* End PBXVariantGroup section */

/* Begin XCBuildConfiguration section */
		DC69FE5022617ECB00E2E181 /* Debug */ = {
			isa = XCBuildConfiguration;
			buildSettings = {
				ALWAYS_SEARCH_USER_PATHS = NO;
				CLANG_ANALYZER_NONNULL = YES;
				CLANG_ANALYZER_NUMBER_OBJECT_CONVERSION = YES_AGGRESSIVE;
				CLANG_CXX_LANGUAGE_STANDARD = "gnu++14";
				CLANG_CXX_LIBRARY = "libc++";
				CLANG_ENABLE_MODULES = YES;
				CLANG_ENABLE_OBJC_ARC = YES;
				CLANG_ENABLE_OBJC_WEAK = YES;
				CLANG_WARN_BLOCK_CAPTURE_AUTORELEASING = YES;
				CLANG_WARN_BOOL_CONVERSION = YES;
				CLANG_WARN_COMMA = YES;
				CLANG_WARN_CONSTANT_CONVERSION = YES;
				CLANG_WARN_DEPRECATED_OBJC_IMPLEMENTATIONS = YES;
				CLANG_WARN_DIRECT_OBJC_ISA_USAGE = YES_ERROR;
				CLANG_WARN_DOCUMENTATION_COMMENTS = YES;
				CLANG_WARN_EMPTY_BODY = YES;
				CLANG_WARN_ENUM_CONVERSION = YES;
				CLANG_WARN_INFINITE_RECURSION = YES;
				CLANG_WARN_INT_CONVERSION = YES;
				CLANG_WARN_NON_LITERAL_NULL_CONVERSION = YES;
				CLANG_WARN_OBJC_IMPLICIT_RETAIN_SELF = YES;
				CLANG_WARN_OBJC_LITERAL_CONVERSION = YES;
				CLANG_WARN_OBJC_ROOT_CLASS = YES_ERROR;
				CLANG_WARN_RANGE_LOOP_ANALYSIS = YES;
				CLANG_WARN_STRICT_PROTOTYPES = YES;
				CLANG_WARN_SUSPICIOUS_MOVE = YES;
				CLANG_WARN_UNGUARDED_AVAILABILITY = YES_AGGRESSIVE;
				CLANG_WARN_UNREACHABLE_CODE = YES;
				CLANG_WARN__DUPLICATE_METHOD_MATCH = YES;
				CODE_SIGN_IDENTITY = "iPhone Developer";
				COPY_PHASE_STRIP = NO;
				DEBUG_INFORMATION_FORMAT = dwarf;
				ENABLE_STRICT_OBJC_MSGSEND = YES;
				ENABLE_TESTABILITY = YES;
				GCC_C_LANGUAGE_STANDARD = gnu11;
				GCC_DYNAMIC_NO_PIC = NO;
				GCC_NO_COMMON_BLOCKS = YES;
				GCC_OPTIMIZATION_LEVEL = 0;
				GCC_PREPROCESSOR_DEFINITIONS = (
					"DEBUG=1",
					"$(inherited)",
				);
				GCC_WARN_64_TO_32_BIT_CONVERSION = YES;
				GCC_WARN_ABOUT_RETURN_TYPE = YES_ERROR;
				GCC_WARN_UNDECLARED_SELECTOR = YES;
				GCC_WARN_UNINITIALIZED_AUTOS = YES_AGGRESSIVE;
				GCC_WARN_UNUSED_FUNCTION = YES;
				GCC_WARN_UNUSED_VARIABLE = YES;
				IPHONEOS_DEPLOYMENT_TARGET = 12.2;
				MTL_ENABLE_DEBUG_INFO = INCLUDE_SOURCE;
				MTL_FAST_MATH = YES;
				ONLY_ACTIVE_ARCH = YES;
				SDKROOT = iphoneos;
				SWIFT_ACTIVE_COMPILATION_CONDITIONS = DEBUG;
				SWIFT_OPTIMIZATION_LEVEL = "-Onone";
			};
			name = Debug;
		};
		DC69FE5122617ECB00E2E181 /* Release */ = {
			isa = XCBuildConfiguration;
			buildSettings = {
				ALWAYS_SEARCH_USER_PATHS = NO;
				CLANG_ANALYZER_NONNULL = YES;
				CLANG_ANALYZER_NUMBER_OBJECT_CONVERSION = YES_AGGRESSIVE;
				CLANG_CXX_LANGUAGE_STANDARD = "gnu++14";
				CLANG_CXX_LIBRARY = "libc++";
				CLANG_ENABLE_MODULES = YES;
				CLANG_ENABLE_OBJC_ARC = YES;
				CLANG_ENABLE_OBJC_WEAK = YES;
				CLANG_WARN_BLOCK_CAPTURE_AUTORELEASING = YES;
				CLANG_WARN_BOOL_CONVERSION = YES;
				CLANG_WARN_COMMA = YES;
				CLANG_WARN_CONSTANT_CONVERSION = YES;
				CLANG_WARN_DEPRECATED_OBJC_IMPLEMENTATIONS = YES;
				CLANG_WARN_DIRECT_OBJC_ISA_USAGE = YES_ERROR;
				CLANG_WARN_DOCUMENTATION_COMMENTS = YES;
				CLANG_WARN_EMPTY_BODY = YES;
				CLANG_WARN_ENUM_CONVERSION = YES;
				CLANG_WARN_INFINITE_RECURSION = YES;
				CLANG_WARN_INT_CONVERSION = YES;
				CLANG_WARN_NON_LITERAL_NULL_CONVERSION = YES;
				CLANG_WARN_OBJC_IMPLICIT_RETAIN_SELF = YES;
				CLANG_WARN_OBJC_LITERAL_CONVERSION = YES;
				CLANG_WARN_OBJC_ROOT_CLASS = YES_ERROR;
				CLANG_WARN_RANGE_LOOP_ANALYSIS = YES;
				CLANG_WARN_STRICT_PROTOTYPES = YES;
				CLANG_WARN_SUSPICIOUS_MOVE = YES;
				CLANG_WARN_UNGUARDED_AVAILABILITY = YES_AGGRESSIVE;
				CLANG_WARN_UNREACHABLE_CODE = YES;
				CLANG_WARN__DUPLICATE_METHOD_MATCH = YES;
				CODE_SIGN_IDENTITY = "iPhone Developer";
				COPY_PHASE_STRIP = NO;
				DEBUG_INFORMATION_FORMAT = "dwarf-with-dsym";
				ENABLE_NS_ASSERTIONS = NO;
				ENABLE_STRICT_OBJC_MSGSEND = YES;
				GCC_C_LANGUAGE_STANDARD = gnu11;
				GCC_NO_COMMON_BLOCKS = YES;
				GCC_WARN_64_TO_32_BIT_CONVERSION = YES;
				GCC_WARN_ABOUT_RETURN_TYPE = YES_ERROR;
				GCC_WARN_UNDECLARED_SELECTOR = YES;
				GCC_WARN_UNINITIALIZED_AUTOS = YES_AGGRESSIVE;
				GCC_WARN_UNUSED_FUNCTION = YES;
				GCC_WARN_UNUSED_VARIABLE = YES;
				IPHONEOS_DEPLOYMENT_TARGET = 12.2;
				MTL_ENABLE_DEBUG_INFO = NO;
				MTL_FAST_MATH = YES;
				SDKROOT = iphoneos;
				SWIFT_COMPILATION_MODE = wholemodule;
				SWIFT_OPTIMIZATION_LEVEL = "-O";
				VALIDATE_PRODUCT = YES;
			};
			name = Release;
		};
		DC69FE5322617ECB00E2E181 /* Debug */ = {
			isa = XCBuildConfiguration;
			buildSettings = {
				ASSETCATALOG_COMPILER_APPICON_NAME = AppIcon;
				CODE_SIGN_STYLE = Automatic;
				DEVELOPMENT_TEAM = H7QBMXQ554;
				INFOPLIST_FILE = "Swift Basics/Info.plist";
				LD_RUNPATH_SEARCH_PATHS = (
					"$(inherited)",
					"@executable_path/Frameworks",
				);
				PRODUCT_BUNDLE_IDENTIFIER = "com.yingyang.Swift-Basics";
				PRODUCT_NAME = "$(TARGET_NAME)";
				SWIFT_VERSION = 5.0;
				TARGETED_DEVICE_FAMILY = "1,2";
			};
			name = Debug;
		};
		DC69FE5422617ECB00E2E181 /* Release */ = {
			isa = XCBuildConfiguration;
			buildSettings = {
				ASSETCATALOG_COMPILER_APPICON_NAME = AppIcon;
				CODE_SIGN_STYLE = Automatic;
				DEVELOPMENT_TEAM = H7QBMXQ554;
				INFOPLIST_FILE = "Swift Basics/Info.plist";
				LD_RUNPATH_SEARCH_PATHS = (
					"$(inherited)",
					"@executable_path/Frameworks",
				);
				PRODUCT_BUNDLE_IDENTIFIER = "com.yingyang.Swift-Basics";
				PRODUCT_NAME = "$(TARGET_NAME)";
				SWIFT_VERSION = 5.0;
				TARGETED_DEVICE_FAMILY = "1,2";
			};
			name = Release;
		};
		DC69FE5622617ECB00E2E181 /* Debug */ = {
			isa = XCBuildConfiguration;
			buildSettings = {
				ALWAYS_EMBED_SWIFT_STANDARD_LIBRARIES = YES;
				BUNDLE_LOADER = "$(TEST_HOST)";
				CODE_SIGN_STYLE = Automatic;
				DEVELOPMENT_TEAM = H7QBMXQ554;
				INFOPLIST_FILE = "Swift BasicsTests/Info.plist";
				LD_RUNPATH_SEARCH_PATHS = (
					"$(inherited)",
					"@executable_path/Frameworks",
					"@loader_path/Frameworks",
				);
				PRODUCT_BUNDLE_IDENTIFIER = "com.yingyang.Swift-BasicsTests";
				PRODUCT_NAME = "$(TARGET_NAME)";
				SWIFT_VERSION = 5.0;
				TARGETED_DEVICE_FAMILY = "1,2";
				TEST_HOST = "$(BUILT_PRODUCTS_DIR)/Swift Basics.app/Swift Basics";
			};
			name = Debug;
		};
		DC69FE5722617ECB00E2E181 /* Release */ = {
			isa = XCBuildConfiguration;
			buildSettings = {
				ALWAYS_EMBED_SWIFT_STANDARD_LIBRARIES = YES;
				BUNDLE_LOADER = "$(TEST_HOST)";
				CODE_SIGN_STYLE = Automatic;
				DEVELOPMENT_TEAM = H7QBMXQ554;
				INFOPLIST_FILE = "Swift BasicsTests/Info.plist";
				LD_RUNPATH_SEARCH_PATHS = (
					"$(inherited)",
					"@executable_path/Frameworks",
					"@loader_path/Frameworks",
				);
				PRODUCT_BUNDLE_IDENTIFIER = "com.yingyang.Swift-BasicsTests";
				PRODUCT_NAME = "$(TARGET_NAME)";
				SWIFT_VERSION = 5.0;
				TARGETED_DEVICE_FAMILY = "1,2";
				TEST_HOST = "$(BUILT_PRODUCTS_DIR)/Swift Basics.app/Swift Basics";
			};
			name = Release;
		};
		DC69FE5922617ECB00E2E181 /* Debug */ = {
			isa = XCBuildConfiguration;
			buildSettings = {
				ALWAYS_EMBED_SWIFT_STANDARD_LIBRARIES = YES;
				CODE_SIGN_STYLE = Automatic;
				DEVELOPMENT_TEAM = H7QBMXQ554;
				INFOPLIST_FILE = "Swift BasicsUITests/Info.plist";
				LD_RUNPATH_SEARCH_PATHS = (
					"$(inherited)",
					"@executable_path/Frameworks",
					"@loader_path/Frameworks",
				);
				PRODUCT_BUNDLE_IDENTIFIER = "com.yingyang.Swift-BasicsUITests";
				PRODUCT_NAME = "$(TARGET_NAME)";
				SWIFT_VERSION = 5.0;
				TARGETED_DEVICE_FAMILY = "1,2";
				TEST_TARGET_NAME = "Swift Basics";
			};
			name = Debug;
		};
		DC69FE5A22617ECB00E2E181 /* Release */ = {
			isa = XCBuildConfiguration;
			buildSettings = {
				ALWAYS_EMBED_SWIFT_STANDARD_LIBRARIES = YES;
				CODE_SIGN_STYLE = Automatic;
				DEVELOPMENT_TEAM = H7QBMXQ554;
				INFOPLIST_FILE = "Swift BasicsUITests/Info.plist";
				LD_RUNPATH_SEARCH_PATHS = (
					"$(inherited)",
					"@executable_path/Frameworks",
					"@loader_path/Frameworks",
				);
				PRODUCT_BUNDLE_IDENTIFIER = "com.yingyang.Swift-BasicsUITests";
				PRODUCT_NAME = "$(TARGET_NAME)";
				SWIFT_VERSION = 5.0;
				TARGETED_DEVICE_FAMILY = "1,2";
				TEST_TARGET_NAME = "Swift Basics";
			};
			name = Release;
		};
/* End XCBuildConfiguration section */

/* Begin XCConfigurationList section */
		DC69FE2522617EC200E2E181 /* Build configuration list for PBXProject "Swift Basics" */ = {
			isa = XCConfigurationList;
			buildConfigurations = (
				DC69FE5022617ECB00E2E181 /* Debug */,
				DC69FE5122617ECB00E2E181 /* Release */,
			);
			defaultConfigurationIsVisible = 0;
			defaultConfigurationName = Release;
		};
		DC69FE5222617ECB00E2E181 /* Build configuration list for PBXNativeTarget "Swift Basics" */ = {
			isa = XCConfigurationList;
			buildConfigurations = (
				DC69FE5322617ECB00E2E181 /* Debug */,
				DC69FE5422617ECB00E2E181 /* Release */,
			);
			defaultConfigurationIsVisible = 0;
			defaultConfigurationName = Release;
		};
		DC69FE5522617ECB00E2E181 /* Build configuration list for PBXNativeTarget "Swift BasicsTests" */ = {
			isa = XCConfigurationList;
			buildConfigurations = (
				DC69FE5622617ECB00E2E181 /* Debug */,
				DC69FE5722617ECB00E2E181 /* Release */,
			);
			defaultConfigurationIsVisible = 0;
			defaultConfigurationName = Release;
		};
		DC69FE5822617ECB00E2E181 /* Build configuration list for PBXNativeTarget "Swift BasicsUITests" */ = {
			isa = XCConfigurationList;
			buildConfigurations = (
				DC69FE5922617ECB00E2E181 /* Debug */,
				DC69FE5A22617ECB00E2E181 /* Release */,
			);
			defaultConfigurationIsVisible = 0;
			defaultConfigurationName = Release;
		};
/* End XCConfigurationList section */
	};
	rootObject = DC69FE2222617EC200E2E181 /* Project object */;
}
